
Microsoft Visual Studio Solution File, Format Version 12.00
# Visual Studio Version 17
VisualStudioVersion = 17.4.33205.214
MinimumVisualStudioVersion = 10.0.40219.1
Project("{9A19103F-16F7-4668-BE54-9A1E7A4F7556}") = "ECommerceWebsite", "ECommerceWebsite.csproj", "{77AE43A3-A8A3-4DC4-8AA8-D811B32865E2}"
EndProject
Global
	GlobalSection(SolutionConfigurationPlatforms) = preSolution
		Debug|Any CPU = Debug|Any CPU
		Release|Any CPU = Release|Any CPU
	EndGlobalSection
	GlobalSection(ProjectConfigurationPlatforms) = postSolution
		{77AE43A3-A8A3-4DC4-8AA8-D811B32865E2}.Debug|Any CPU.ActiveCfg = Debug|Any CPU
		{77AE43A3-A8A3-4DC4-8AA8-D811B32865E2}.Debug|Any CPU.Build.0 = Debug|Any CPU
		{77AE43A3-A8A3-4DC4-8AA8-D811B32865E2}.Release|Any CPU.ActiveCfg = Release|Any CPU
		{77AE43A3-A8A3-4DC4-8AA8-D811B32865E2}.Release|Any CPU.Build.0 = Release|Any CPU
	EndGlobalSection
	GlobalSection(SolutionProperties) = preSolution
		HideSolutionNode = FALSE
	EndGlobalSection
	GlobalSection(ExtensibilityGlobals) = postSolution
		SolutionGuid = {51F191BE-B5E7-4D96-8E85-E9CABB54310F}
	EndGlobalSection
EndGlobal
